
Microsoft Visual Studio Solution File, Format Version 12.00
# Visual Studio Version 16
VisualStudioVersion = 16.0.30320.27
MinimumVisualStudioVersion = 10.0.40219.1
Project("{2150E333-8FDC-42A3-9474-1A3956D46DE8}") = "Infrastructure", "Infrastructure", "{42759B9B-DC0F-4C8C-8CA0-BD4FF2C57DDE}"
EndProject
Project("{9A19103F-16F7-4668-BE54-9A1E7A4F7556}") = "LView.CMS.Core", "LView.CMS.Core\LView.CMS.Core.csproj", "{351CACAF-FD52-4D6E-98FF-3B34CEA71078}"
EndProject
Project("{2150E333-8FDC-42A3-9474-1A3956D46DE8}") = "UI", "UI", "{D27C3AEA-E684-479A-A820-1E0582A623A2}"
EndProject
Project("{9A19103F-16F7-4668-BE54-9A1E7A4F7556}") = "LView.CMS.Site", "LView.CMS.Site\LView.CMS.Site.csproj", "{B11D82BD-D654-40F6-8F33-5634AC179708}"
EndProject
Project("{2150E333-8FDC-42A3-9474-1A3956D46DE8}") = "Entity", "Entity", "{D2C29053-F2FD-495C-AA91-CA106552FC27}"
EndProject
Project("{9A19103F-16F7-4668-BE54-9A1E7A4F7556}") = "LView.CMS.Models", "LView.CMS.Models\LView.CMS.Models.csproj", "{DCE98450-26D6-40A0-86CA-8474B9ACBD09}"
EndProject
Project("{2150E333-8FDC-42A3-9474-1A3956D46DE8}") = "Application", "Application", "{BC63D87E-A8CF-4761-B640-D6DCC274C472}"
EndProject
Project("{9A19103F-16F7-4668-BE54-9A1E7A4F7556}") = "LView.CMS.IServices", "LView.CMS.IServices\LView.CMS.IServices.csproj", "{2B89F5D5-0E36-4BC5-92DC-8FE99D580141}"
EndProject
Project("{9A19103F-16F7-4668-BE54-9A1E7A4F7556}") = "LView.CMS.ViewModels", "LView.CMS.ViewModels\LView.CMS.ViewModels.csproj", "{947DFD95-FBCD-467C-AF02-A56C039148A8}"
EndProject
Project("{9A19103F-16F7-4668-BE54-9A1E7A4F7556}") = "LView.CMS.Services", "LView.CMS.Services\LView.CMS.Services.csproj", "{AA6D8617-A5D8-4E8A-ACC8-D99530314E4C}"
EndProject
Project("{2150E333-8FDC-42A3-9474-1A3956D46DE8}") = "Repository", "Repository", "{86378A77-56D0-4E93-901D-5977D1750B45}"
EndProject
Project("{9A19103F-16F7-4668-BE54-9A1E7A4F7556}") = "LView.CMS.IRepository", "LView.CMS.IRepository\LView.CMS.IRepository.csproj", "{3A31AE10-DCD8-4FEC-94E4-121D65291F13}"
EndProject
Project("{9A19103F-16F7-4668-BE54-9A1E7A4F7556}") = "LView.CMS.Repository", "LView.CMS.Repository\LView.CMS.Repository.csproj", "{C8A59280-B826-4E5C-8BC0-EEC9468B1EE0}"
EndProject
Project("{FAE04EC0-301F-11D3-BF4B-00C04F79EFBC}") = "AOPCore", "AOPCore\AOPCore.csproj", "{2F8519AC-FE63-4C80-8A8D-54CE1DE1727C}"
EndProject
Project("{FAE04EC0-301F-11D3-BF4B-00C04F79EFBC}") = "DynamicProxyAOP", "DynamicProxyAOP\DynamicProxyAOP.csproj", "{3BCB9A31-7BD0-45DC-A42B-FFA3A723C7B7}"
EndProject
Global
	GlobalSection(SolutionConfigurationPlatforms) = preSolution
		Debug|Any CPU = Debug|Any CPU
		Release|Any CPU = Release|Any CPU
	EndGlobalSection
	GlobalSection(ProjectConfigurationPlatforms) = postSolution
		{351CACAF-FD52-4D6E-98FF-3B34CEA71078}.Debug|Any CPU.ActiveCfg = Debug|Any CPU
		{351CACAF-FD52-4D6E-98FF-3B34CEA71078}.Debug|Any CPU.Build.0 = Debug|Any CPU
		{351CACAF-FD52-4D6E-98FF-3B34CEA71078}.Release|Any CPU.ActiveCfg = Release|Any CPU
		{351CACAF-FD52-4D6E-98FF-3B34CEA71078}.Release|Any CPU.Build.0 = Release|Any CPU
		{B11D82BD-D654-40F6-8F33-5634AC179708}.Debug|Any CPU.ActiveCfg = Debug|Any CPU
		{B11D82BD-D654-40F6-8F33-5634AC179708}.Debug|Any CPU.Build.0 = Debug|Any CPU
		{B11D82BD-D654-40F6-8F33-5634AC179708}.Release|Any CPU.ActiveCfg = Release|Any CPU
		{B11D82BD-D654-40F6-8F33-5634AC179708}.Release|Any CPU.Build.0 = Release|Any CPU
		{DCE98450-26D6-40A0-86CA-8474B9ACBD09}.Debug|Any CPU.ActiveCfg = Debug|Any CPU
		{DCE98450-26D6-40A0-86CA-8474B9ACBD09}.Debug|Any CPU.Build.0 = Debug|Any CPU
		{DCE98450-26D6-40A0-86CA-8474B9ACBD09}.Release|Any CPU.ActiveCfg = Release|Any CPU
		{DCE98450-26D6-40A0-86CA-8474B9ACBD09}.Release|Any CPU.Build.0 = Release|Any CPU
		{2B89F5D5-0E36-4BC5-92DC-8FE99D580141}.Debug|Any CPU.ActiveCfg = Debug|Any CPU
		{2B89F5D5-0E36-4BC5-92DC-8FE99D580141}.Debug|Any CPU.Build.0 = Debug|Any CPU
		{2B89F5D5-0E36-4BC5-92DC-8FE99D580141}.Release|Any CPU.ActiveCfg = Release|Any CPU
		{2B89F5D5-0E36-4BC5-92DC-8FE99D580141}.Release|Any CPU.Build.0 = Release|Any CPU
		{947DFD95-FBCD-467C-AF02-A56C039148A8}.Debug|Any CPU.ActiveCfg = Debug|Any CPU
		{947DFD95-FBCD-467C-AF02-A56C039148A8}.Debug|Any CPU.Build.0 = Debug|Any CPU
		{947DFD95-FBCD-467C-AF02-A56C039148A8}.Release|Any CPU.ActiveCfg = Release|Any CPU
		{947DFD95-FBCD-467C-AF02-A56C039148A8}.Release|Any CPU.Build.0 = Release|Any CPU
		{AA6D8617-A5D8-4E8A-ACC8-D99530314E4C}.Debug|Any CPU.ActiveCfg = Debug|Any CPU
		{AA6D8617-A5D8-4E8A-ACC8-D99530314E4C}.Debug|Any CPU.Build.0 = Debug|Any CPU
		{AA6D8617-A5D8-4E8A-ACC8-D99530314E4C}.Release|Any CPU.ActiveCfg = Release|Any CPU
		{AA6D8617-A5D8-4E8A-ACC8-D99530314E4C}.Release|Any CPU.Build.0 = Release|Any CPU
		{3A31AE10-DCD8-4FEC-94E4-121D65291F13}.Debug|Any CPU.ActiveCfg = Debug|Any CPU
		{3A31AE10-DCD8-4FEC-94E4-121D65291F13}.Debug|Any CPU.Build.0 = Debug|Any CPU
		{3A31AE10-DCD8-4FEC-94E4-121D65291F13}.Release|Any CPU.ActiveCfg = Release|Any CPU
		{3A31AE10-DCD8-4FEC-94E4-121D65291F13}.Release|Any CPU.Build.0 = Release|Any CPU
		{C8A59280-B826-4E5C-8BC0-EEC9468B1EE0}.Debug|Any CPU.ActiveCfg = Debug|Any CPU
		{C8A59280-B826-4E5C-8BC0-EEC9468B1EE0}.Debug|Any CPU.Build.0 = Debug|Any CPU
		{C8A59280-B826-4E5C-8BC0-EEC9468B1EE0}.Release|Any CPU.ActiveCfg = Release|Any CPU
		{C8A59280-B826-4E5C-8BC0-EEC9468B1EE0}.Release|Any CPU.Build.0 = Release|Any CPU
		{2F8519AC-FE63-4C80-8A8D-54CE1DE1727C}.Debug|Any CPU.ActiveCfg = Debug|Any CPU
		{2F8519AC-FE63-4C80-8A8D-54CE1DE1727C}.Debug|Any CPU.Build.0 = Debug|Any CPU
		{2F8519AC-FE63-4C80-8A8D-54CE1DE1727C}.Release|Any CPU.ActiveCfg = Release|Any CPU
		{2F8519AC-FE63-4C80-8A8D-54CE1DE1727C}.Release|Any CPU.Build.0 = Release|Any CPU
		{3BCB9A31-7BD0-45DC-A42B-FFA3A723C7B7}.Debug|Any CPU.ActiveCfg = Debug|Any CPU
		{3BCB9A31-7BD0-45DC-A42B-FFA3A723C7B7}.Debug|Any CPU.Build.0 = Debug|Any CPU
		{3BCB9A31-7BD0-45DC-A42B-FFA3A723C7B7}.Release|Any CPU.ActiveCfg = Release|Any CPU
		{3BCB9A31-7BD0-45DC-A42B-FFA3A723C7B7}.Release|Any CPU.Build.0 = Release|Any CPU
	EndGlobalSection
	GlobalSection(SolutionProperties) = preSolution
		HideSolutionNode = FALSE
	EndGlobalSection
	GlobalSection(NestedProjects) = preSolution
		{351CACAF-FD52-4D6E-98FF-3B34CEA71078} = {42759B9B-DC0F-4C8C-8CA0-BD4FF2C57DDE}
		{B11D82BD-D654-40F6-8F33-5634AC179708} = {D27C3AEA-E684-479A-A820-1E0582A623A2}
		{DCE98450-26D6-40A0-86CA-8474B9ACBD09} = {D2C29053-F2FD-495C-AA91-CA106552FC27}
		{2B89F5D5-0E36-4BC5-92DC-8FE99D580141} = {BC63D87E-A8CF-4761-B640-D6DCC274C472}
		{947DFD95-FBCD-467C-AF02-A56C039148A8} = {D2C29053-F2FD-495C-AA91-CA106552FC27}
		{AA6D8617-A5D8-4E8A-ACC8-D99530314E4C} = {BC63D87E-A8CF-4761-B640-D6DCC274C472}
		{3A31AE10-DCD8-4FEC-94E4-121D65291F13} = {86378A77-56D0-4E93-901D-5977D1750B45}
		{C8A59280-B826-4E5C-8BC0-EEC9468B1EE0} = {86378A77-56D0-4E93-901D-5977D1750B45}
	EndGlobalSection
	GlobalSection(ExtensibilityGlobals) = postSolution
		SolutionGuid = {5E503A33-152F-4D46-A7FC-2974AB1B99CF}
	EndGlobalSection
EndGlobal
